// !$*UTF8*$!
{
	archiveVersion = 1;
	classes = {
	};
	objectVersion = 77;
	objects = {

/* Begin PBXBuildFile section */
		4095E28F2F30330000C2DCD9 /* DeviceActivity.framework in Frameworks */ = {isa = PBXBuildFile; fileRef = 4095E28E2F30330000C2DCD9 /* DeviceActivity.framework */; };
		4095E2972F30330000C2DCD9 /* StrideActivityMonitor.appex in Embed Foundation Extensions */ = {isa = PBXBuildFile; fileRef = 4095E28D2F30330000C2DCD9 /* StrideActivityMonitor.appex */; settings = {ATTRIBUTES = (RemoveHeadersOnCopy, ); }; };
		40DC16D02F22CE77007AD6AB /* ManagedSettings.framework in Frameworks */ = {isa = PBXBuildFile; fileRef = 40DC16CF2F22CE77007AD6AB /* ManagedSettings.framework */; };
		40DC16D82F22CE77007AD6AB /* StrideShieldAction.appex in Embed Foundation Extensions */ = {isa = PBXBuildFile; fileRef = 40DC16CD2F22CE77007AD6AB /* StrideShieldAction.appex */; settings = {ATTRIBUTES = (RemoveHeadersOnCopy, ); }; };
		40DC16E32F22CE87007AD6AB /* ManagedSettings.framework in Frameworks */ = {isa = PBXBuildFile; fileRef = 40DC16CF2F22CE77007AD6AB /* ManagedSettings.framework */; };
		40DC16E52F22CE87007AD6AB /* ManagedSettingsUI.framework in Frameworks */ = {isa = PBXBuildFile; fileRef = 40DC16E42F22CE87007AD6AB /* ManagedSettingsUI.framework */; };
		40DC16ED2F22CE87007AD6AB /* StrideShieldConfig.appex in Embed Foundation Extensions */ = {isa = PBXBuildFile; fileRef = 40DC16E22F22CE87007AD6AB /* StrideShieldConfig.appex */; settings = {ATTRIBUTES = (RemoveHeadersOnCopy, ); }; };
		40E92C832F29A7D000A29021 /* Supabase in Frameworks */ = {isa = PBXBuildFile; productRef = 40E92C822F29A7D000A29021 /* Supabase */; };
/* End PBXBuildFile section */

/* Begin PBXContainerItemProxy section */
		4095E2952F30330000C2DCD9 /* PBXContainerItemProxy */ = {
			isa = PBXContainerItemProxy;
			containerPortal = 40DD67252F2069CA004F9929 /* Project object */;
			proxyType = 1;
			remoteGlobalIDString = 4095E28C2F30330000C2DCD9;
			remoteInfo = StrideActivityMonitor;
		};
		40DC16D62F22CE77007AD6AB /* PBXContainerItemProxy */ = {
			isa = PBXContainerItemProxy;
			containerPortal = 40DD67252F2069CA004F9929 /* Project object */;
			proxyType = 1;
			remoteGlobalIDString = 40DC16CC2F22CE77007AD6AB;
			remoteInfo = StrideShieldAction;
		};
		40DC16EB2F22CE87007AD6AB /* PBXContainerItemProxy */ = {
			isa = PBXContainerItemProxy;
			containerPortal = 40DD67252F2069CA004F9929 /* Project object */;
			proxyType = 1;
			remoteGlobalIDString = 40DC16E12F22CE87007AD6AB;
			remoteInfo = StrideShieldConfig;
		};
		40DD673B2F2069CB004F9929 /* PBXContainerItemProxy */ = {
			isa = PBXContainerItemProxy;
			containerPortal = 40DD67252F2069CA004F9929 /* Project object */;
			proxyType = 1;
			remoteGlobalIDString = 40DD672C2F2069CA004F9929;
			remoteInfo = Stride;
		};
		40DD67452F2069CB004F9929 /* PBXContainerItemProxy */ = {
			isa = PBXContainerItemProxy;
			containerPortal = 40DD67252F2069CA004F9929 /* Project object */;
			proxyType = 1;
			remoteGlobalIDString = 40DD672C2F2069CA004F9929;
			remoteInfo = Stride;
		};
/* End PBXContainerItemProxy section */

/* Begin PBXCopyFilesBuildPhase section */
		40DC16D92F22CE77007AD6AB /* Embed Foundation Extensions */ = {
			isa = PBXCopyFilesBuildPhase;
			buildActionMask = 2147483647;
			dstPath = "";
			dstSubfolderSpec = 13;
			files = (
				40DC16ED2F22CE87007AD6AB /* StrideShieldConfig.appex in Embed Foundation Extensions */,
				4095E2972F30330000C2DCD9 /* StrideActivityMonitor.appex in Embed Foundation Extensions */,
				40DC16D82F22CE77007AD6AB /* StrideShieldAction.appex in Embed Foundation Extensions */,
			);
			name = "Embed Foundation Extensions";
			runOnlyForDeploymentPostprocessing = 0;
		};
/* End PBXCopyFilesBuildPhase section */

/* Begin PBXFileReference section */
		4095E28D2F30330000C2DCD9 /* StrideActivityMonitor.appex */ = {isa = PBXFileReference; explicitFileType = "wrapper.app-extension"; includeInIndex = 0; path = StrideActivityMonitor.appex; sourceTree = BUILT_PRODUCTS_DIR; };
		4095E28E2F30330000C2DCD9 /* DeviceActivity.framework */ = {isa = PBXFileReference; lastKnownFileType = wrapper.framework; name = DeviceActivity.framework; path = System/Library/Frameworks/DeviceActivity.framework; sourceTree = SDKROOT; };
		40DC16CD2F22CE77007AD6AB /* StrideShieldAction.appex */ = {isa = PBXFileReference; explicitFileType = "wrapper.app-extension"; includeInIndex = 0; path = StrideShieldAction.appex; sourceTree = BUILT_PRODUCTS_DIR; };
		40DC16CF2F22CE77007AD6AB /* ManagedSettings.framework */ = {isa = PBXFileReference; lastKnownFileType = wrapper.framework; name = ManagedSettings.framework; path = System/Library/Frameworks/ManagedSettings.framework; sourceTree = SDKROOT; };
		40DC16E22F22CE87007AD6AB /* StrideShieldConfig.appex */ = {isa = PBXFileReference; explicitFileType = "wrapper.app-extension"; includeInIndex = 0; path = StrideShieldConfig.appex; sourceTree = BUILT_PRODUCTS_DIR; };
		40DC16E42F22CE87007AD6AB /* ManagedSettingsUI.framework */ = {isa = PBXFileReference; lastKnownFileType = wrapper.framework; name = ManagedSettingsUI.framework; path = System/Library/Frameworks/ManagedSettingsUI.framework; sourceTree = SDKROOT; };
		40DD672D2F2069CA004F9929 /* Stride.app */ = {isa = PBXFileReference; explicitFileType = wrapper.application; includeInIndex = 0; path = Stride.app; sourceTree = BUILT_PRODUCTS_DIR; };
		40DD673A2F2069CB004F9929 /* StrideTests.xctest */ = {isa = PBXFileReference; explicitFileType = wrapper.cfbundle; includeInIndex = 0; path = StrideTests.xctest; sourceTree = BUILT_PRODUCTS_DIR; };
		40DD67442F2069CB004F9929 /* StrideUITests.xctest */ = {isa = PBXFileReference; explicitFileType = wrapper.cfbundle; includeInIndex = 0; path = StrideUITests.xctest; sourceTree = BUILT_PRODUCTS_DIR; };
/* End PBXFileReference section */

/* Begin PBXFileSystemSynchronizedBuildFileExceptionSet section */
		4095E2982F30330000C2DCD9 /* Exceptions for "StrideActivityMonitor" folder in "StrideActivityMonitor" target */ = {
			isa = PBXFileSystemSynchronizedBuildFileExceptionSet;
			membershipExceptions = (
				Info.plist,
			);
			target = 4095E28C2F30330000C2DCD9 /* StrideActivityMonitor */;
		};
		40DC16DC2F22CE77007AD6AB /* Exceptions for "StrideShieldAction" folder in "StrideShieldAction" target */ = {
			isa = PBXFileSystemSynchronizedBuildFileExceptionSet;
			membershipExceptions = (
				Info.plist,
			);
			target = 40DC16CC2F22CE77007AD6AB /* StrideShieldAction */;
		};
		40DC16EE2F22CE87007AD6AB /* Exceptions for "StrideShieldConfig" folder in "StrideShieldConfig" target */ = {
			isa = PBXFileSystemSynchronizedBuildFileExceptionSet;
			membershipExceptions = (
				Info.plist,
			);
			target = 40DC16E12F22CE87007AD6AB /* StrideShieldConfig */;
		};
/* End PBXFileSystemSynchronizedBuildFileExceptionSet section */

/* Begin PBXFileSystemSynchronizedRootGroup section */
		4095E2902F30330000C2DCD9 /* StrideActivityMonitor */ = {
			isa = PBXFileSystemSynchronizedRootGroup;
			exceptions = (
				4095E2982F30330000C2DCD9 /* Exceptions for "StrideActivityMonitor" folder in "StrideActivityMonitor" target */,
			);
			path = StrideActivityMonitor;
			sourceTree = "<group>";
		};
		40DC16D12F22CE77007AD6AB /* StrideShieldAction */ = {
			isa = PBXFileSystemSynchronizedRootGroup;
			exceptions = (
				40DC16DC2F22CE77007AD6AB /* Exceptions for "StrideShieldAction" folder in "StrideShieldAction" target */,
			);
			path = StrideShieldAction;
			sourceTree = "<group>";
		};
		40DC16E62F22CE87007AD6AB /* StrideShieldConfig */ = {
			isa = PBXFileSystemSynchronizedRootGroup;
			exceptions = (
				40DC16EE2F22CE87007AD6AB /* Exceptions for "StrideShieldConfig" folder in "StrideShieldConfig" target */,
			);
			path = StrideShieldConfig;
			sourceTree = "<group>";
		};
		40DD672F2F2069CA004F9929 /* Stride */ = {
			isa = PBXFileSystemSynchronizedRootGroup;
			path = Stride;
			sourceTree = "<group>";
		};
		40DD673D2F2069CB004F9929 /* StrideTests */ = {
			isa = PBXFileSystemSynchronizedRootGroup;
			path = StrideTests;
			sourceTree = "<group>";
		};
		40DD67472F2069CB004F9929 /* StrideUITests */ = {
			isa = PBXFileSystemSynchronizedRootGroup;
			path = StrideUITests;
			sourceTree = "<group>";
		};
/* End PBXFileSystemSynchronizedRootGroup section */

/* Begin PBXFrameworksBuildPhase section */
		4095E28A2F30330000C2DCD9 /* Frameworks */ = {
			isa = PBXFrameworksBuildPhase;
			buildActionMask = 2147483647;
			files = (
				4095E28F2F30330000C2DCD9 /* DeviceActivity.framework in Frameworks */,
			);
			runOnlyForDeploymentPostprocessing = 0;
		};
		40DC16CA2F22CE77007AD6AB /* Frameworks */ = {
			isa = PBXFrameworksBuildPhase;
			buildActionMask = 2147483647;
			files = (
				40DC16D02F22CE77007AD6AB /* ManagedSettings.framework in Frameworks */,
			);
			runOnlyForDeploymentPostprocessing = 0;
		};
		40DC16DF2F22CE87007AD6AB /* Frameworks */ = {
			isa = PBXFrameworksBuildPhase;
			buildActionMask = 2147483647;
			files = (
				40DC16E32F22CE87007AD6AB /* ManagedSettings.framework in Frameworks */,
				40DC16E52F22CE87007AD6AB /* ManagedSettingsUI.framework in Frameworks */,
			);
			runOnlyForDeploymentPostprocessing = 0;
		};
		40DD672A2F2069CA004F9929 /* Frameworks */ = {
			isa = PBXFrameworksBuildPhase;
			buildActionMask = 2147483647;
			files = (
				40E92C832F29A7D000A29021 /* Supabase in Frameworks */,
			);
			runOnlyForDeploymentPostprocessing = 0;
		};
		40DD67372F2069CB004F9929 /* Frameworks */ = {
			isa = PBXFrameworksBuildPhase;
			buildActionMask = 2147483647;
			files = (
			);
			runOnlyForDeploymentPostprocessing = 0;
		};
		40DD67412F2069CB004F9929 /* Frameworks */ = {
			isa = PBXFrameworksBuildPhase;
			buildActionMask = 2147483647;
			files = (
			);
			runOnlyForDeploymentPostprocessing = 0;
		};
/* End PBXFrameworksBuildPhase section */

/* Begin PBXGroup section */
		40DC16CE2F22CE77007AD6AB /* Frameworks */ = {
			isa = PBXGroup;
			children = (
				40DC16CF2F22CE77007AD6AB /* ManagedSettings.framework */,
				40DC16E42F22CE87007AD6AB /* ManagedSettingsUI.framework */,
				4095E28E2F30330000C2DCD9 /* DeviceActivity.framework */,
			);
			name = Frameworks;
			sourceTree = "<group>";
		};
		40DD67242F2069CA004F9929 = {
			isa = PBXGroup;
			children = (
				40DD672F2F2069CA004F9929 /* Stride */,
				40DD673D2F2069CB004F9929 /* StrideTests */,
				40DD67472F2069CB004F9929 /* StrideUITests */,
				40DC16D12F22CE77007AD6AB /* StrideShieldAction */,
				40DC16E62F22CE87007AD6AB /* StrideShieldConfig */,
				4095E2902F30330000C2DCD9 /* StrideActivityMonitor */,
				40DC16CE2F22CE77007AD6AB /* Frameworks */,
				40DD672E2F2069CA004F9929 /* Products */,
			);
			sourceTree = "<group>";
		};
		40DD672E2F2069CA004F9929 /* Products */ = {
			isa = PBXGroup;
			children = (
				40DD672D2F2069CA004F9929 /* Stride.app */,
				40DD673A2F2069CB004F9929 /* StrideTests.xctest */,
				40DD67442F2069CB004F9929 /* StrideUITests.xctest */,
				40DC16CD2F22CE77007AD6AB /* StrideShieldAction.appex */,
				40DC16E22F22CE87007AD6AB /* StrideShieldConfig.appex */,
				4095E28D2F30330000C2DCD9 /* StrideActivityMonitor.appex */,
			);
			name = Products;
			sourceTree = "<group>";
		};
/* End PBXGroup section */

/* Begin PBXNativeTarget section */
		4095E28C2F30330000C2DCD9 /* StrideActivityMonitor */ = {
			isa = PBXNativeTarget;
			buildConfigurationList = 4095E2992F30330000C2DCD9 /* Build configuration list for PBXNativeTarget "StrideActivityMonitor" */;
			buildPhases = (
				4095E2892F30330000C2DCD9 /* Sources */,
				4095E28A2F30330000C2DCD9 /* Frameworks */,
				4095E28B2F30330000C2DCD9 /* Resources */,
			);
			buildRules = (
			);
			dependencies = (
			);
			fileSystemSynchronizedGroups = (
				4095E2902F30330000C2DCD9 /* StrideActivityMonitor */,
			);
			name = StrideActivityMonitor;
			packageProductDependencies = (
			);
			productName = StrideActivityMonitor;
			productReference = 4095E28D2F30330000C2DCD9 /* StrideActivityMonitor.appex */;
			productType = "com.apple.product-type.app-extension";
		};
		40DC16CC2F22CE77007AD6AB /* StrideShieldAction */ = {
			isa = PBXNativeTarget;
			buildConfigurationList = 40DC16DD2F22CE77007AD6AB /* Build configuration list for PBXNativeTarget "StrideShieldAction" */;
			buildPhases = (
				40DC16C92F22CE77007AD6AB /* Sources */,
				40DC16CA2F22CE77007AD6AB /* Frameworks */,
				40DC16CB2F22CE77007AD6AB /* Resources */,
			);
			buildRules = (
			);
			dependencies = (
			);
			fileSystemSynchronizedGroups = (
				40DC16D12F22CE77007AD6AB /* StrideShieldAction */,
			);
			name = StrideShieldAction;
			packageProductDependencies = (
			);
			productName = StrideShieldAction;
			productReference = 40DC16CD2F22CE77007AD6AB /* StrideShieldAction.appex */;
			productType = "com.apple.product-type.app-extension";
		};
		40DC16E12F22CE87007AD6AB /* StrideShieldConfig */ = {
			isa = PBXNativeTarget;
			buildConfigurationList = 40DC16EF2F22CE87007AD6AB /* Build configuration list for PBXNativeTarget "StrideShieldConfig" */;
			buildPhases = (
				40DC16DE2F22CE87007AD6AB /* Sources */,
				40DC16DF2F22CE87007AD6AB /* Frameworks */,
				40DC16E02F22CE87007AD6AB /* Resources */,
			);
			buildRules = (
			);
			dependencies = (
			);
			fileSystemSynchronizedGroups = (
				40DC16E62F22CE87007AD6AB /* StrideShieldConfig */,
			);
			name = StrideShieldConfig;
			packageProductDependencies = (
			);
			productName = StrideShieldConfig;
			productReference = 40DC16E22F22CE87007AD6AB /* StrideShieldConfig.appex */;
			productType = "com.apple.product-type.app-extension";
		};
		40DD672C2F2069CA004F9929 /* Stride */ = {
			isa = PBXNativeTarget;
			buildConfigurationList = 40DD674E2F2069CB004F9929 /* Build configuration list for PBXNativeTarget "Stride" */;
			buildPhases = (
				40DD67292F2069CA004F9929 /* Sources */,
				40DD672A2F2069CA004F9929 /* Frameworks */,
				40DD672B2F2069CA004F9929 /* Resources */,
				40DC16D92F22CE77007AD6AB /* Embed Foundation Extensions */,
			);
			buildRules = (
			);
			dependencies = (
				40DC16D72F22CE77007AD6AB /* PBXTargetDependency */,
				40DC16EC2F22CE87007AD6AB /* PBXTargetDependency */,
				4095E2962F30330000C2DCD9 /* PBXTargetDependency */,
			);
			fileSystemSynchronizedGroups = (
				40DD672F2F2069CA004F9929 /* Stride */,
			);
			name = Stride;
			packageProductDependencies = (
				40E92C822F29A7D000A29021 /* Supabase */,
			);
			productName = Stride;
			productReference = 40DD672D2F2069CA004F9929 /* Stride.app */;
			productType = "com.apple.product-type.application";
		};
		40DD67392F2069CB004F9929 /* StrideTests */ = {
			isa = PBXNativeTarget;
			buildConfigurationList = 40DD67512F2069CB004F9929 /* Build configuration list for PBXNativeTarget "StrideTests" */;
			buildPhases = (
				40DD67362F2069CB004F9929 /* Sources */,
				40DD67372F2069CB004F9929 /* Frameworks */,
				40DD67382F2069CB004F9929 /* Resources */,
			);
			buildRules = (
			);
			dependencies = (
				40DD673C2F2069CB004F9929 /* PBXTargetDependency */,
			);
			fileSystemSynchronizedGroups = (
				40DD673D2F2069CB004F9929 /* StrideTests */,
			);
			name = StrideTests;
			packageProductDependencies = (
			);
			productName = StrideTests;
			productReference = 40DD673A2F2069CB004F9929 /* StrideTests.xctest */;
			productType = "com.apple.product-type.bundle.unit-test";
		};
		40DD67432F2069CB004F9929 /* StrideUITests */ = {
			isa = PBXNativeTarget;
			buildConfigurationList = 40DD67542F2069CB004F9929 /* Build configuration list for PBXNativeTarget "StrideUITests" */;
			buildPhases = (
				40DD67402F2069CB004F9929 /* Sources */,
				40DD67412F2069CB004F9929 /* Frameworks */,
				40DD67422F2069CB004F9929 /* Resources */,
			);
			buildRules = (
			);
			dependencies = (
				40DD67462F2069CB004F9929 /* PBXTargetDependency */,
			);
			fileSystemSynchronizedGroups = (
				40DD67472F2069CB004F9929 /* StrideUITests */,
			);
			name = StrideUITests;
			packageProductDependencies = (
			);
			productName = StrideUITests;
			productReference = 40DD67442F2069CB004F9929 /* StrideUITests.xctest */;
			productType = "com.apple.product-type.bundle.ui-testing";
		};
/* End PBXNativeTarget section */

/* Begin PBXProject section */
		40DD67252F2069CA004F9929 /* Project object */ = {
			isa = PBXProject;
			attributes = {
				BuildIndependentTargetsInParallel = 1;
				LastSwiftUpdateCheck = 2620;
				LastUpgradeCheck = 2620;
				TargetAttributes = {
					4095E28C2F30330000C2DCD9 = {
						CreatedOnToolsVersion = 26.2;
					};
					40DC16CC2F22CE77007AD6AB = {
						CreatedOnToolsVersion = 26.2;
					};
					40DC16E12F22CE87007AD6AB = {
						CreatedOnToolsVersion = 26.2;
					};
					40DD672C2F2069CA004F9929 = {
						CreatedOnToolsVersion = 26.2;
					};
					40DD67392F2069CB004F9929 = {
						CreatedOnToolsVersion = 26.2;
						TestTargetID = 40DD672C2F2069CA004F9929;
					};
					40DD67432F2069CB004F9929 = {
						CreatedOnToolsVersion = 26.2;
						TestTargetID = 40DD672C2F2069CA004F9929;
					};
				};
			};
			buildConfigurationList = 40DD67282F2069CA004F9929 /* Build configuration list for PBXProject "Stride" */;
			developmentRegion = en;
			hasScannedForEncodings = 0;
			knownRegions = (
				en,
				Base,
			);
			mainGroup = 40DD67242F2069CA004F9929;
			minimizedProjectReferenceProxies = 1;
			packageReferences = (
				40E92C812F29A7D000A29021 /* XCRemoteSwiftPackageReference "supabase-swift" */,
			);
			preferredProjectObjectVersion = 77;
			productRefGroup = 40DD672E2F2069CA004F9929 /* Products */;
			projectDirPath = "";
			projectRoot = "";
			targets = (
				40DD672C2F2069CA004F9929 /* Stride */,
				40DD67392F2069CB004F9929 /* StrideTests */,
				40DD67432F2069CB004F9929 /* StrideUITests */,
				40DC16CC2F22CE77007AD6AB /* StrideShieldAction */,
				40DC16E12F22CE87007AD6AB /* StrideShieldConfig */,
				4095E28C2F30330000C2DCD9 /* StrideActivityMonitor */,
			);
		};
/* End PBXProject section */

/* Begin PBXResourcesBuildPhase section */
		4095E28B2F30330000C2DCD9 /* Resources */ = {
			isa = PBXResourcesBuildPhase;
			buildActionMask = 2147483647;
			files = (
			);
			runOnlyForDeploymentPostprocessing = 0;
		};
		40DC16CB2F22CE77007AD6AB /* Resources */ = {
			isa = PBXResourcesBuildPhase;
			buildActionMask = 2147483647;
			files = (
			);
			runOnlyForDeploymentPostprocessing = 0;
		};
		40DC16E02F22CE87007AD6AB /* Resources */ = {
			isa = PBXResourcesBuildPhase;
			buildActionMask = 2147483647;
			files = (
			);
			runOnlyForDeploymentPostprocessing = 0;
		};
		40DD672B2F2069CA004F9929 /* Resources */ = {
			isa = PBXResourcesBuildPhase;
			buildActionMask = 2147483647;
			files = (
			);
			runOnlyForDeploymentPostprocessing = 0;
		};
		40DD67382F2069CB004F9929 /* Resources */ = {
			isa = PBXResourcesBuildPhase;
			buildActionMask = 2147483647;
			files = (
			);
			runOnlyForDeploymentPostprocessing = 0;
		};
		40DD67422F2069CB004F9929 /* Resources */ = {
			isa = PBXResourcesBuildPhase;
			buildActionMask = 2147483647;
			files = (
			);
			runOnlyForDeploymentPostprocessing = 0;
		};
/* End PBXResourcesBuildPhase section */

/* Begin PBXSourcesBuildPhase section */
		4095E2892F30330000C2DCD9 /* Sources */ = {
			isa = PBXSourcesBuildPhase;
			buildActionMask = 2147483647;
			files = (
			);
			runOnlyForDeploymentPostprocessing = 0;
		};
		40DC16C92F22CE77007AD6AB /* Sources */ = {
			isa = PBXSourcesBuildPhase;
			buildActionMask = 2147483647;
			files = (
			);
			runOnlyForDeploymentPostprocessing = 0;
		};
		40DC16DE2F22CE87007AD6AB /* Sources */ = {
			isa = PBXSourcesBuildPhase;
			buildActionMask = 2147483647;
			files = (
			);
			runOnlyForDeploymentPostprocessing = 0;
		};
		40DD67292F2069CA004F9929 /* Sources */ = {
			isa = PBXSourcesBuildPhase;
			buildActionMask = 2147483647;
			files = (
			);
			runOnlyForDeploymentPostprocessing = 0;
		};
		40DD67362F2069CB004F9929 /* Sources */ = {
			isa = PBXSourcesBuildPhase;
			buildActionMask = 2147483647;
			files = (
			);
			runOnlyForDeploymentPostprocessing = 0;
		};
		40DD67402F2069CB004F9929 /* Sources */ = {
			isa = PBXSourcesBuildPhase;
			buildActionMask = 2147483647;
			files = (
			);
			runOnlyForDeploymentPostprocessing = 0;
		};
/* End PBXSourcesBuildPhase section */

/* Begin PBXTargetDependency section */
		4095E2962F30330000C2DCD9 /* PBXTargetDependency */ = {
			isa = PBXTargetDependency;
			target = 4095E28C2F30330000C2DCD9 /* StrideActivityMonitor */;
			targetProxy = 4095E2952F30330000C2DCD9 /* PBXContainerItemProxy */;
		};
		40DC16D72F22CE77007AD6AB /* PBXTargetDependency */ = {
			isa = PBXTargetDependency;
			target = 40DC16CC2F22CE77007AD6AB /* StrideShieldAction */;
			targetProxy = 40DC16D62F22CE77007AD6AB /* PBXContainerItemProxy */;
		};
		40DC16EC2F22CE87007AD6AB /* PBXTargetDependency */ = {
			isa = PBXTargetDependency;
			target = 40DC16E12F22CE87007AD6AB /* StrideShieldConfig */;
			targetProxy = 40DC16EB2F22CE87007AD6AB /* PBXContainerItemProxy */;
		};
		40DD673C2F2069CB004F9929 /* PBXTargetDependency */ = {
			isa = PBXTargetDependency;
			target = 40DD672C2F2069CA004F9929 /* Stride */;
			targetProxy = 40DD673B2F2069CB004F9929 /* PBXContainerItemProxy */;
		};
		40DD67462F2069CB004F9929 /* PBXTargetDependency */ = {
			isa = PBXTargetDependency;
			target = 40DD672C2F2069CA004F9929 /* Stride */;
			targetProxy = 40DD67452F2069CB004F9929 /* PBXContainerItemProxy */;
		};
/* End PBXTargetDependency section */

/* Begin XCBuildConfiguration section */
		4095E29A2F30330000C2DCD9 /* Debug */ = {
			isa = XCBuildConfiguration;
			buildSettings = {
				CODE_SIGN_ENTITLEMENTS = StrideActivityMonitor/StrideActivityMonitor.entitlements;
				CODE_SIGN_STYLE = Automatic;
				CURRENT_PROJECT_VERSION = 1;
				DEVELOPMENT_TEAM = FJA5DAQNYY;
				GENERATE_INFOPLIST_FILE = YES;
				INFOPLIST_FILE = StrideActivityMonitor/Info.plist;
				INFOPLIST_KEY_CFBundleDisplayName = StrideActivityMonitor;
				INFOPLIST_KEY_NSHumanReadableCopyright = "";
				LD_RUNPATH_SEARCH_PATHS = (
					"$(inherited)",
					"@executable_path/Frameworks",
					"@executable_path/../../Frameworks",
				);
				MARKETING_VERSION = 1.0;
				PRODUCT_BUNDLE_IDENTIFIER = tylerttrann.Stride.StrideActivityMonitor;
				PRODUCT_NAME = "$(TARGET_NAME)";
				SKIP_INSTALL = YES;
				STRING_CATALOG_GENERATE_SYMBOLS = YES;
				SWIFT_APPROACHABLE_CONCURRENCY = YES;
				SWIFT_EMIT_LOC_STRINGS = YES;
				SWIFT_UPCOMING_FEATURE_MEMBER_IMPORT_VISIBILITY = YES;
				SWIFT_VERSION = 5.0;
				TARGETED_DEVICE_FAMILY = "1,2";
			};
			name = Debug;
		};
		4095E29B2F30330000C2DCD9 /* Release */ = {
			isa = XCBuildConfiguration;
			buildSettings = {
				CODE_SIGN_ENTITLEMENTS = StrideActivityMonitor/StrideActivityMonitor.entitlements;
				CODE_SIGN_STYLE = Automatic;
				CURRENT_PROJECT_VERSION = 1;
				DEVELOPMENT_TEAM = FJA5DAQNYY;
				GENERATE_INFOPLIST_FILE = YES;
				INFOPLIST_FILE = StrideActivityMonitor/Info.plist;
				INFOPLIST_KEY_CFBundleDisplayName = StrideActivityMonitor;
				INFOPLIST_KEY_NSHumanReadableCopyright = "";
				LD_RUNPATH_SEARCH_PATHS = (
					"$(inherited)",
					"@executable_path/Frameworks",
					"@executable_path/../../Frameworks",
				);
				MARKETING_VERSION = 1.0;
				PRODUCT_BUNDLE_IDENTIFIER = tylerttrann.Stride.StrideActivityMonitor;
				PRODUCT_NAME = "$(TARGET_NAME)";
				SKIP_INSTALL = YES;
				STRING_CATALOG_GENERATE_SYMBOLS = YES;
				SWIFT_APPROACHABLE_CONCURRENCY = YES;
				SWIFT_EMIT_LOC_STRINGS = YES;
				SWIFT_UPCOMING_FEATURE_MEMBER_IMPORT_VISIBILITY = YES;
				SWIFT_VERSION = 5.0;
				TARGETED_DEVICE_FAMILY = "1,2";
			};
			name = Release;
		};
		40DC16DA2F22CE77007AD6AB /* Debug */ = {
			isa = XCBuildConfiguration;
			buildSettings = {
				CODE_SIGN_ENTITLEMENTS = StrideShieldAction/StrideShieldAction.entitlements;
				CODE_SIGN_STYLE = Automatic;
				CURRENT_PROJECT_VERSION = 1;
				DEVELOPMENT_TEAM = FJA5DAQNYY;
				GENERATE_INFOPLIST_FILE = YES;
				INFOPLIST_FILE = StrideShieldAction/Info.plist;
				INFOPLIST_KEY_CFBundleDisplayName = StrideShieldAction;
				INFOPLIST_KEY_NSHumanReadableCopyright = "";
				LD_RUNPATH_SEARCH_PATHS = (
					"$(inherited)",
					"@executable_path/Frameworks",
					"@executable_path/../../Frameworks",
				);
				MARKETING_VERSION = 1.0;
				PRODUCT_BUNDLE_IDENTIFIER = tylerttrann.Stride.StrideShieldAction;
				PRODUCT_NAME = "$(TARGET_NAME)";
				SKIP_INSTALL = YES;
				STRING_CATALOG_GENERATE_SYMBOLS = YES;
				SWIFT_APPROACHABLE_CONCURRENCY = YES;
				SWIFT_EMIT_LOC_STRINGS = YES;
				SWIFT_UPCOMING_FEATURE_MEMBER_IMPORT_VISIBILITY = YES;
				SWIFT_VERSION = 5.0;
				TARGETED_DEVICE_FAMILY = "1,2";
			};
			name = Debug;
		};
		40DC16DB2F22CE77007AD6AB /* Release */ = {
			isa = XCBuildConfiguration;
			buildSettings = {
				CODE_SIGN_ENTITLEMENTS = StrideShieldAction/StrideShieldAction.entitlements;
				CODE_SIGN_STYLE = Automatic;
				CURRENT_PROJECT_VERSION = 1;
				DEVELOPMENT_TEAM = FJA5DAQNYY;
				GENERATE_INFOPLIST_FILE = YES;
				INFOPLIST_FILE = StrideShieldAction/Info.plist;
				INFOPLIST_KEY_CFBundleDisplayName = StrideShieldAction;
				INFOPLIST_KEY_NSHumanReadableCopyright = "";
				LD_RUNPATH_SEARCH_PATHS = (
					"$(inherited)",
					"@executable_path/Frameworks",
					"@executable_path/../../Frameworks",
				);
				MARKETING_VERSION = 1.0;
				PRODUCT_BUNDLE_IDENTIFIER = tylerttrann.Stride.StrideShieldAction;
				PRODUCT_NAME = "$(TARGET_NAME)";
				SKIP_INSTALL = YES;
				STRING_CATALOG_GENERATE_SYMBOLS = YES;
				SWIFT_APPROACHABLE_CONCURRENCY = YES;
				SWIFT_EMIT_LOC_STRINGS = YES;
				SWIFT_UPCOMING_FEATURE_MEMBER_IMPORT_VISIBILITY = YES;
				SWIFT_VERSION = 5.0;
				TARGETED_DEVICE_FAMILY = "1,2";
			};
			name = Release;
		};
		40DC16F02F22CE87007AD6AB /* Debug */ = {
			isa = XCBuildConfiguration;
			buildSettings = {
				CODE_SIGN_ENTITLEMENTS = StrideShieldConfig/StrideShieldConfig.entitlements;
				CODE_SIGN_STYLE = Automatic;
				CURRENT_PROJECT_VERSION = 1;
				DEVELOPMENT_TEAM = FJA5DAQNYY;
				GENERATE_INFOPLIST_FILE = YES;
				INFOPLIST_FILE = StrideShieldConfig/Info.plist;
				INFOPLIST_KEY_CFBundleDisplayName = StrideShieldConfig;
				INFOPLIST_KEY_NSHumanReadableCopyright = "";
				LD_RUNPATH_SEARCH_PATHS = (
					"$(inherited)",
					"@executable_path/Frameworks",
					"@executable_path/../../Frameworks",
				);
				MARKETING_VERSION = 1.0;
				PRODUCT_BUNDLE_IDENTIFIER = tylerttrann.Stride.StrideShieldConfig;
				PRODUCT_NAME = "$(TARGET_NAME)";
				SKIP_INSTALL = YES;
				STRING_CATALOG_GENERATE_SYMBOLS = YES;
				SWIFT_APPROACHABLE_CONCURRENCY = YES;
				SWIFT_EMIT_LOC_STRINGS = YES;
				SWIFT_UPCOMING_FEATURE_MEMBER_IMPORT_VISIBILITY = YES;
				SWIFT_VERSION = 5.0;
				TARGETED_DEVICE_FAMILY = "1,2";
			};
			name = Debug;
		};
		40DC16F12F22CE87007AD6AB /* Release */ = {
			isa = XCBuildConfiguration;
			buildSettings = {
				CODE_SIGN_ENTITLEMENTS = StrideShieldConfig/StrideShieldConfig.entitlements;
				CODE_SIGN_STYLE = Automatic;
				CURRENT_PROJECT_VERSION = 1;
				DEVELOPMENT_TEAM = FJA5DAQNYY;
				GENERATE_INFOPLIST_FILE = YES;
				INFOPLIST_FILE = StrideShieldConfig/Info.plist;
				INFOPLIST_KEY_CFBundleDisplayName = StrideShieldConfig;
				INFOPLIST_KEY_NSHumanReadableCopyright = "";
				LD_RUNPATH_SEARCH_PATHS = (
					"$(inherited)",
					"@executable_path/Frameworks",
					"@executable_path/../../Frameworks",
				);
				MARKETING_VERSION = 1.0;
				PRODUCT_BUNDLE_IDENTIFIER = tylerttrann.Stride.StrideShieldConfig;
				PRODUCT_NAME = "$(TARGET_NAME)";
				SKIP_INSTALL = YES;
				STRING_CATALOG_GENERATE_SYMBOLS = YES;
				SWIFT_APPROACHABLE_CONCURRENCY = YES;
				SWIFT_EMIT_LOC_STRINGS = YES;
				SWIFT_UPCOMING_FEATURE_MEMBER_IMPORT_VISIBILITY = YES;
				SWIFT_VERSION = 5.0;
				TARGETED_DEVICE_FAMILY = "1,2";
			};
			name = Release;
		};
		40DD674C2F2069CB004F9929 /* Debug */ = {
			isa = XCBuildConfiguration;
			buildSettings = {
				ALWAYS_SEARCH_USER_PATHS = NO;
				ASSETCATALOG_COMPILER_GENERATE_SWIFT_ASSET_SYMBOL_EXTENSIONS = YES;
				CLANG_ANALYZER_NONNULL = YES;
				CLANG_ANALYZER_NUMBER_OBJECT_CONVERSION = YES_AGGRESSIVE;
				CLANG_CXX_LANGUAGE_STANDARD = "gnu++20";
				CLANG_ENABLE_MODULES = YES;
				CLANG_ENABLE_OBJC_ARC = YES;
				CLANG_ENABLE_OBJC_WEAK = YES;
				CLANG_WARN_BLOCK_CAPTURE_AUTORELEASING = YES;
				CLANG_WARN_BOOL_CONVERSION = YES;
				CLANG_WARN_COMMA = YES;
				CLANG_WARN_CONSTANT_CONVERSION = YES;
				CLANG_WARN_DEPRECATED_OBJC_IMPLEMENTATIONS = YES;
				CLANG_WARN_DIRECT_OBJC_ISA_USAGE = YES_ERROR;
				CLANG_WARN_DOCUMENTATION_COMMENTS = YES;
				CLANG_WARN_EMPTY_BODY = YES;
				CLANG_WARN_ENUM_CONVERSION = YES;
				CLANG_WARN_INFINITE_RECURSION = YES;
				CLANG_WARN_INT_CONVERSION = YES;
				CLANG_WARN_NON_LITERAL_NULL_CONVERSION = YES;
				CLANG_WARN_OBJC_IMPLICIT_RETAIN_SELF = YES;
				CLANG_WARN_OBJC_LITERAL_CONVERSION = YES;
				CLANG_WARN_OBJC_ROOT_CLASS = YES_ERROR;
				CLANG_WARN_QUOTED_INCLUDE_IN_FRAMEWORK_HEADER = YES;
				CLANG_WARN_RANGE_LOOP_ANALYSIS = YES;
				CLANG_WARN_STRICT_PROTOTYPES = YES;
				CLANG_WARN_SUSPICIOUS_MOVE = YES;
				CLANG_WARN_UNGUARDED_AVAILABILITY = YES_AGGRESSIVE;
				CLANG_WARN_UNREACHABLE_CODE = YES;
				CLANG_WARN__DUPLICATE_METHOD_MATCH = YES;
				COPY_PHASE_STRIP = NO;
				DEBUG_INFORMATION_FORMAT = dwarf;
				DEVELOPMENT_TEAM = FJA5DAQNYY;
				ENABLE_STRICT_OBJC_MSGSEND = YES;
				ENABLE_TESTABILITY = YES;
				ENABLE_USER_SCRIPT_SANDBOXING = YES;
				GCC_C_LANGUAGE_STANDARD = gnu17;
				GCC_DYNAMIC_NO_PIC = NO;
				GCC_NO_COMMON_BLOCKS = YES;
				GCC_OPTIMIZATION_LEVEL = 0;
				GCC_PREPROCESSOR_DEFINITIONS = (
					"DEBUG=1",
					"$(inherited)",
				);
				GCC_WARN_64_TO_32_BIT_CONVERSION = YES;
				GCC_WARN_ABOUT_RETURN_TYPE = YES_ERROR;
				GCC_WARN_UNDECLARED_SELECTOR = YES;
				GCC_WARN_UNINITIALIZED_AUTOS = YES_AGGRESSIVE;
				GCC_WARN_UNUSED_FUNCTION = YES;
				GCC_WARN_UNUSED_VARIABLE = YES;
				IPHONEOS_DEPLOYMENT_TARGET = 26.2;
				LOCALIZATION_PREFERS_STRING_CATALOGS = YES;
				MTL_ENABLE_DEBUG_INFO = INCLUDE_SOURCE;
				MTL_FAST_MATH = YES;
				ONLY_ACTIVE_ARCH = YES;
				SDKROOT = iphoneos;
				SWIFT_ACTIVE_COMPILATION_CONDITIONS = "DEBUG $(inherited)";
				SWIFT_OPTIMIZATION_LEVEL = "-Onone";
			};
			name = Debug;
		};
		40DD674D2F2069CB004F9929 /* Release */ = {
			isa = XCBuildConfiguration;
			buildSettings = {
				ALWAYS_SEARCH_USER_PATHS = NO;
				ASSETCATALOG_COMPILER_GENERATE_SWIFT_ASSET_SYMBOL_EXTENSIONS = YES;
				CLANG_ANALYZER_NONNULL = YES;
				CLANG_ANALYZER_NUMBER_OBJECT_CONVERSION = YES_AGGRESSIVE;
				CLANG_CXX_LANGUAGE_STANDARD = "gnu++20";
				CLANG_ENABLE_MODULES = YES;
				CLANG_ENABLE_OBJC_ARC = YES;
				CLANG_ENABLE_OBJC_WEAK = YES;
				CLANG_WARN_BLOCK_CAPTURE_AUTORELEASING = YES;
				CLANG_WARN_BOOL_CONVERSION = YES;
				CLANG_WARN_COMMA = YES;
				CLANG_WARN_CONSTANT_CONVERSION = YES;
				CLANG_WARN_DEPRECATED_OBJC_IMPLEMENTATIONS = YES;
				CLANG_WARN_DIRECT_OBJC_ISA_USAGE = YES_ERROR;
				CLANG_WARN_DOCUMENTATION_COMMENTS = YES;
				CLANG_WARN_EMPTY_BODY = YES;
				CLANG_WARN_ENUM_CONVERSION = YES;
				CLANG_WARN_INFINITE_RECURSION = YES;
				CLANG_WARN_INT_CONVERSION = YES;
				CLANG_WARN_NON_LITERAL_NULL_CONVERSION = YES;
				CLANG_WARN_OBJC_IMPLICIT_RETAIN_SELF = YES;
				CLANG_WARN_OBJC_LITERAL_CONVERSION = YES;
				CLANG_WARN_OBJC_ROOT_CLASS = YES_ERROR;
				CLANG_WARN_QUOTED_INCLUDE_IN_FRAMEWORK_HEADER = YES;
				CLANG_WARN_RANGE_LOOP_ANALYSIS = YES;
				CLANG_WARN_STRICT_PROTOTYPES = YES;
				CLANG_WARN_SUSPICIOUS_MOVE = YES;
				CLANG_WARN_UNGUARDED_AVAILABILITY = YES_AGGRESSIVE;
				CLANG_WARN_UNREACHABLE_CODE = YES;
				CLANG_WARN__DUPLICATE_METHOD_MATCH = YES;
				COPY_PHASE_STRIP = NO;
				DEBUG_INFORMATION_FORMAT = "dwarf-with-dsym";
				DEVELOPMENT_TEAM = FJA5DAQNYY;
				ENABLE_NS_ASSERTIONS = NO;
				ENABLE_STRICT_OBJC_MSGSEND = YES;
				ENABLE_USER_SCRIPT_SANDBOXING = YES;
				GCC_C_LANGUAGE_STANDARD = gnu17;
				GCC_NO_COMMON_BLOCKS = YES;
				GCC_WARN_64_TO_32_BIT_CONVERSION = YES;
				GCC_WARN_ABOUT_RETURN_TYPE = YES_ERROR;
				GCC_WARN_UNDECLARED_SELECTOR = YES;
				GCC_WARN_UNINITIALIZED_AUTOS = YES_AGGRESSIVE;
				GCC_WARN_UNUSED_FUNCTION = YES;
				GCC_WARN_UNUSED_VARIABLE = YES;
				IPHONEOS_DEPLOYMENT_TARGET = 26.2;
				LOCALIZATION_PREFERS_STRING_CATALOGS = YES;
				MTL_ENABLE_DEBUG_INFO = NO;
				MTL_FAST_MATH = YES;
				SDKROOT = iphoneos;
				SWIFT_COMPILATION_MODE = wholemodule;
				VALIDATE_PRODUCT = YES;
			};
			name = Release;
		};
		40DD674F2F2069CB004F9929 /* Debug */ = {
			isa = XCBuildConfiguration;
			buildSettings = {
				ASSETCATALOG_COMPILER_APPICON_NAME = AppIcon;
				ASSETCATALOG_COMPILER_GLOBAL_ACCENT_COLOR_NAME = AccentColor;
				CODE_SIGN_ENTITLEMENTS = Stride/Stride.entitlements;
				CODE_SIGN_STYLE = Automatic;
				CURRENT_PROJECT_VERSION = 1;
				DEVELOPMENT_TEAM = KZ4V3Y73DD;
				ENABLE_PREVIEWS = YES;
				GENERATE_INFOPLIST_FILE = YES;
				INFOPLIST_KEY_NSHealthShareUsageDescription = "We use your health data to personalize trail recommendations.";
				INFOPLIST_KEY_NSLocationWhenInUseUsageDescription = "We need your location to recommend nearby trails.";
				INFOPLIST_KEY_UIApplicationSceneManifest_Generation = YES;
				INFOPLIST_KEY_UIApplicationSupportsIndirectInputEvents = YES;
				INFOPLIST_KEY_UILaunchScreen_Generation = YES;
				INFOPLIST_KEY_UISupportedInterfaceOrientations_iPad = "UIInterfaceOrientationPortrait UIInterfaceOrientationPortraitUpsideDown UIInterfaceOrientationLandscapeLeft UIInterfaceOrientationLandscapeRight";
				INFOPLIST_KEY_UISupportedInterfaceOrientations_iPhone = "UIInterfaceOrientationPortrait UIInterfaceOrientationLandscapeLeft UIInterfaceOrientationLandscapeRight";
				IPHONEOS_DEPLOYMENT_TARGET = 18.0;
				LD_RUNPATH_SEARCH_PATHS = (
					"$(inherited)",
					"@executable_path/Frameworks",
				);
				MARKETING_VERSION = 1.0;
				PRODUCT_BUNDLE_IDENTIFIER = cs125.stride;
				PRODUCT_NAME = "$(TARGET_NAME)";
				STRING_CATALOG_GENERATE_SYMBOLS = YES;
				SWIFT_APPROACHABLE_CONCURRENCY = YES;
				SWIFT_DEFAULT_ACTOR_ISOLATION = MainActor;
				SWIFT_EMIT_LOC_STRINGS = YES;
				SWIFT_UPCOMING_FEATURE_MEMBER_IMPORT_VISIBILITY = YES;
				SWIFT_VERSION = 5.0;
				TARGETED_DEVICE_FAMILY = "1,2";
			};
			name = Debug;
		};
		40DD67502F2069CB004F9929 /* Release */ = {
			isa = XCBuildConfiguration;
			buildSettings = {
				ASSETCATALOG_COMPILER_APPICON_NAME = AppIcon;
				ASSETCATALOG_COMPILER_GLOBAL_ACCENT_COLOR_NAME = AccentColor;
				CODE_SIGN_ENTITLEMENTS = Stride/Stride.entitlements;
				CODE_SIGN_STYLE = Automatic;
				CURRENT_PROJECT_VERSION = 1;
				DEVELOPMENT_TEAM = KZ4V3Y73DD;
				ENABLE_PREVIEWS = YES;
				GENERATE_INFOPLIST_FILE = YES;
				INFOPLIST_KEY_NSHealthShareUsageDescription = "We use your health data to personalize trail recommendations.";
				INFOPLIST_KEY_NSLocationWhenInUseUsageDescription = "We need your location to recommend nearby trails.";
				INFOPLIST_KEY_UIApplicationSceneManifest_Generation = YES;
				INFOPLIST_KEY_UIApplicationSupportsIndirectInputEvents = YES;
				INFOPLIST_KEY_UILaunchScreen_Generation = YES;
				INFOPLIST_KEY_UISupportedInterfaceOrientations_iPad = "UIInterfaceOrientationPortrait UIInterfaceOrientationPortraitUpsideDown UIInterfaceOrientationLandscapeLeft UIInterfaceOrientationLandscapeRight";
				INFOPLIST_KEY_UISupportedInterfaceOrientations_iPhone = "UIInterfaceOrientationPortrait UIInterfaceOrientationLandscapeLeft UIInterfaceOrientationLandscapeRight";
				IPHONEOS_DEPLOYMENT_TARGET = 18.0;
				LD_RUNPATH_SEARCH_PATHS = (
					"$(inherited)",
					"@executable_path/Frameworks",
				);
				MARKETING_VERSION = 1.0;
				PRODUCT_BUNDLE_IDENTIFIER = cs125.stride;
				PRODUCT_NAME = "$(TARGET_NAME)";
				STRING_CATALOG_GENERATE_SYMBOLS = YES;
				SWIFT_APPROACHABLE_CONCURRENCY = YES;
				SWIFT_DEFAULT_ACTOR_ISOLATION = MainActor;
				SWIFT_EMIT_LOC_STRINGS = YES;
				SWIFT_UPCOMING_FEATURE_MEMBER_IMPORT_VISIBILITY = YES;
				SWIFT_VERSION = 5.0;
				TARGETED_DEVICE_FAMILY = "1,2";
			};
			name = Release;
		};
		40DD67522F2069CB004F9929 /* Debug */ = {
			isa = XCBuildConfiguration;
			buildSettings = {
				BUNDLE_LOADER = "$(TEST_HOST)";
				CODE_SIGN_STYLE = Automatic;
				CURRENT_PROJECT_VERSION = 1;
				DEVELOPMENT_TEAM = FJA5DAQNYY;
				GENERATE_INFOPLIST_FILE = YES;
				IPHONEOS_DEPLOYMENT_TARGET = 26.2;
				MARKETING_VERSION = 1.0;
				PRODUCT_BUNDLE_IDENTIFIER = tylerttrann.StrideTests;
				PRODUCT_NAME = "$(TARGET_NAME)";
				STRING_CATALOG_GENERATE_SYMBOLS = NO;
				SWIFT_APPROACHABLE_CONCURRENCY = YES;
				SWIFT_EMIT_LOC_STRINGS = NO;
				SWIFT_UPCOMING_FEATURE_MEMBER_IMPORT_VISIBILITY = YES;
				SWIFT_VERSION = 5.0;
				TARGETED_DEVICE_FAMILY = "1,2";
				TEST_HOST = "$(BUILT_PRODUCTS_DIR)/Stride.app/$(BUNDLE_EXECUTABLE_FOLDER_PATH)/Stride";
			};
			name = Debug;
		};
		40DD67532F2069CB004F9929 /* Release */ = {
			isa = XCBuildConfiguration;
			buildSettings = {
				BUNDLE_LOADER = "$(TEST_HOST)";
				CODE_SIGN_STYLE = Automatic;
				CURRENT_PROJECT_VERSION = 1;
				DEVELOPMENT_TEAM = FJA5DAQNYY;
				GENERATE_INFOPLIST_FILE = YES;
				IPHONEOS_DEPLOYMENT_TARGET = 26.2;
				MARKETING_VERSION = 1.0;
				PRODUCT_BUNDLE_IDENTIFIER = tylerttrann.StrideTests;
				PRODUCT_NAME = "$(TARGET_NAME)";
				STRING_CATALOG_GENERATE_SYMBOLS = NO;
				SWIFT_APPROACHABLE_CONCURRENCY = YES;
				SWIFT_EMIT_LOC_STRINGS = NO;
				SWIFT_UPCOMING_FEATURE_MEMBER_IMPORT_VISIBILITY = YES;
				SWIFT_VERSION = 5.0;
				TARGETED_DEVICE_FAMILY = "1,2";
				TEST_HOST = "$(BUILT_PRODUCTS_DIR)/Stride.app/$(BUNDLE_EXECUTABLE_FOLDER_PATH)/Stride";
			};
			name = Release;
		};
		40DD67552F2069CB004F9929 /* Debug */ = {
			isa = XCBuildConfiguration;
			buildSettings = {
				CODE_SIGN_STYLE = Automatic;
				CURRENT_PROJECT_VERSION = 1;
				DEVELOPMENT_TEAM = FJA5DAQNYY;
				GENERATE_INFOPLIST_FILE = YES;
				MARKETING_VERSION = 1.0;
				PRODUCT_BUNDLE_IDENTIFIER = tylerttrann.StrideUITests;
				PRODUCT_NAME = "$(TARGET_NAME)";
				STRING_CATALOG_GENERATE_SYMBOLS = NO;
				SWIFT_APPROACHABLE_CONCURRENCY = YES;
				SWIFT_EMIT_LOC_STRINGS = NO;
				SWIFT_UPCOMING_FEATURE_MEMBER_IMPORT_VISIBILITY = YES;
				SWIFT_VERSION = 5.0;
				TARGETED_DEVICE_FAMILY = "1,2";
				TEST_TARGET_NAME = Stride;
			};
			name = Debug;
		};
		40DD67562F2069CB004F9929 /* Release */ = {
			isa = XCBuildConfiguration;
			buildSettings = {
				CODE_SIGN_STYLE = Automatic;
				CURRENT_PROJECT_VERSION = 1;
				DEVELOPMENT_TEAM = FJA5DAQNYY;
				GENERATE_INFOPLIST_FILE = YES;
				MARKETING_VERSION = 1.0;
				PRODUCT_BUNDLE_IDENTIFIER = tylerttrann.StrideUITests;
				PRODUCT_NAME = "$(TARGET_NAME)";
				STRING_CATALOG_GENERATE_SYMBOLS = NO;
				SWIFT_APPROACHABLE_CONCURRENCY = YES;
				SWIFT_EMIT_LOC_STRINGS = NO;
				SWIFT_UPCOMING_FEATURE_MEMBER_IMPORT_VISIBILITY = YES;
				SWIFT_VERSION = 5.0;
				TARGETED_DEVICE_FAMILY = "1,2";
				TEST_TARGET_NAME = Stride;
			};
			name = Release;
		};
/* End XCBuildConfiguration section */

/* Begin XCConfigurationList section */
		4095E2992F30330000C2DCD9 /* Build configuration list for PBXNativeTarget "StrideActivityMonitor" */ = {
			isa = XCConfigurationList;
			buildConfigurations = (
				4095E29A2F30330000C2DCD9 /* Debug */,
				4095E29B2F30330000C2DCD9 /* Release */,
			);
			defaultConfigurationIsVisible = 0;
			defaultConfigurationName = Release;
		};
		40DC16DD2F22CE77007AD6AB /* Build configuration list for PBXNativeTarget "StrideShieldAction" */ = {
			isa = XCConfigurationList;
			buildConfigurations = (
				40DC16DA2F22CE77007AD6AB /* Debug */,
				40DC16DB2F22CE77007AD6AB /* Release */,
			);
			defaultConfigurationIsVisible = 0;
			defaultConfigurationName = Release;
		};
		40DC16EF2F22CE87007AD6AB /* Build configuration list for PBXNativeTarget "StrideShieldConfig" */ = {
			isa = XCConfigurationList;
			buildConfigurations = (
				40DC16F02F22CE87007AD6AB /* Debug */,
				40DC16F12F22CE87007AD6AB /* Release */,
			);
			defaultConfigurationIsVisible = 0;
			defaultConfigurationName = Release;
		};
		40DD67282F2069CA004F9929 /* Build configuration list for PBXProject "Stride" */ = {
			isa = XCConfigurationList;
			buildConfigurations = (
				40DD674C2F2069CB004F9929 /* Debug */,
				40DD674D2F2069CB004F9929 /* Release */,
			);
			defaultConfigurationIsVisible = 0;
			defaultConfigurationName = Release;
		};
		40DD674E2F2069CB004F9929 /* Build configuration list for PBXNativeTarget "Stride" */ = {
			isa = XCConfigurationList;
			buildConfigurations = (
				40DD674F2F2069CB004F9929 /* Debug */,
				40DD67502F2069CB004F9929 /* Release */,
			);
			defaultConfigurationIsVisible = 0;
			defaultConfigurationName = Release;
		};
		40DD67512F2069CB004F9929 /* Build configuration list for PBXNativeTarget "StrideTests" */ = {
			isa = XCConfigurationList;
			buildConfigurations = (
				40DD67522F2069CB004F9929 /* Debug */,
				40DD67532F2069CB004F9929 /* Release */,
			);
			defaultConfigurationIsVisible = 0;
			defaultConfigurationName = Release;
		};
		40DD67542F2069CB004F9929 /* Build configuration list for PBXNativeTarget "StrideUITests" */ = {
			isa = XCConfigurationList;
			buildConfigurations = (
				40DD67552F2069CB004F9929 /* Debug */,
				40DD67562F2069CB004F9929 /* Release */,
			);
			defaultConfigurationIsVisible = 0;
			defaultConfigurationName = Release;
		};
/* End XCConfigurationList section */

/* Begin XCRemoteSwiftPackageReference section */
		40E92C812F29A7D000A29021 /* XCRemoteSwiftPackageReference "supabase-swift" */ = {
			isa = XCRemoteSwiftPackageReference;
			repositoryURL = "https://github.com/supabase/supabase-swift";
			requirement = {
				kind = upToNextMajorVersion;
				minimumVersion = 2.5.1;
			};
		};
/* End XCRemoteSwiftPackageReference section */

/* Begin XCSwiftPackageProductDependency section */
		40E92C822F29A7D000A29021 /* Supabase */ = {
			isa = XCSwiftPackageProductDependency;
			package = 40E92C812F29A7D000A29021 /* XCRemoteSwiftPackageReference "supabase-swift" */;
			productName = Supabase;
		};
/* End XCSwiftPackageProductDependency section */
	};
	rootObject = 40DD67252F2069CA004F9929 /* Project object */;
}
